
Microsoft Visual Studio Solution File, Format Version 12.00
# Visual Studio Version 16
VisualStudioVersion = 16.0.29009.5
MinimumVisualStudioVersion = 10.0.40219.1
Project("{151D2E53-A2C4-4D7D-83FE-D05416EBD58E}") = "AzureResourceGroup1-WebAppSQL01test", "AzureResourceGroup1-WebAppSQL01test\AzureResourceGroup1-WebAppSQL01test.deployproj", "{22E70B87-D324-4806-8370-022DAF7E3B04}"
EndProject
Global
	GlobalSection(SolutionConfigurationPlatforms) = preSolution
		Debug|Any CPU = Debug|Any CPU
		Release|Any CPU = Release|Any CPU
	EndGlobalSection
	GlobalSection(ProjectConfigurationPlatforms) = postSolution
		{22E70B87-D324-4806-8370-022DAF7E3B04}.Debug|Any CPU.ActiveCfg = Debug|Any CPU
		{22E70B87-D324-4806-8370-022DAF7E3B04}.Debug|Any CPU.Build.0 = Debug|Any CPU
		{22E70B87-D324-4806-8370-022DAF7E3B04}.Release|Any CPU.ActiveCfg = Release|Any CPU
		{22E70B87-D324-4806-8370-022DAF7E3B04}.Release|Any CPU.Build.0 = Release|Any CPU
	EndGlobalSection
	GlobalSection(SolutionProperties) = preSolution
		HideSolutionNode = FALSE
	EndGlobalSection
	GlobalSection(ExtensibilityGlobals) = postSolution
		SolutionGuid = {2FFB38D7-95F8-4983-82A7-22E2AC2C0CAE}
	EndGlobalSection
EndGlobal
